
Microsoft Visual Studio Solution File, Format Version 12.00
# Visual Studio Version 17
VisualStudioVersion = 17.13.35931.197 d17.13
MinimumVisualStudioVersion = 10.0.40219.1
Project("{FAE04EC0-301F-11D3-BF4B-00C04F79EFBC}") = "Book_DAL", "Book_DAL\Book_DAL.csproj", "{506AC028-DA96-47CF-A760-A05D6A863E34}"
EndProject
Project("{FAE04EC0-301F-11D3-BF4B-00C04F79EFBC}") = "Book_PAL", "Book_PAL\Book_PAL.csproj", "{1A7DB684-D795-4964-9D2E-D14ECB5A1C6F}"
EndProject
Global
	GlobalSection(SolutionConfigurationPlatforms) = preSolution
		Debug|Any CPU = Debug|Any CPU
		Release|Any CPU = Release|Any CPU
	EndGlobalSection
	GlobalSection(ProjectConfigurationPlatforms) = postSolution
		{506AC028-DA96-47CF-A760-A05D6A863E34}.Debug|Any CPU.ActiveCfg = Debug|Any CPU
		{506AC028-DA96-47CF-A760-A05D6A863E34}.Debug|Any CPU.Build.0 = Debug|Any CPU
		{506AC028-DA96-47CF-A760-A05D6A863E34}.Release|Any CPU.ActiveCfg = Release|Any CPU
		{506AC028-DA96-47CF-A760-A05D6A863E34}.Release|Any CPU.Build.0 = Release|Any CPU
		{1A7DB684-D795-4964-9D2E-D14ECB5A1C6F}.Debug|Any CPU.ActiveCfg = Debug|Any CPU
		{1A7DB684-D795-4964-9D2E-D14ECB5A1C6F}.Debug|Any CPU.Build.0 = Debug|Any CPU
		{1A7DB684-D795-4964-9D2E-D14ECB5A1C6F}.Release|Any CPU.ActiveCfg = Release|Any CPU
		{1A7DB684-D795-4964-9D2E-D14ECB5A1C6F}.Release|Any CPU.Build.0 = Release|Any CPU
	EndGlobalSection
	GlobalSection(SolutionProperties) = preSolution
		HideSolutionNode = FALSE
	EndGlobalSection
	GlobalSection(ExtensibilityGlobals) = postSolution
		SolutionGuid = {71551A7D-0071-4102-9A02-3EDCA0F3D1D7}
	EndGlobalSection
EndGlobal
